<?xml version="1.0" encoding="utf-8"?>
<Project ToolsVersion="4.0" xmlns="http://schemas.microsoft.com/developer/msbuild/2003">
  <ItemGroup>
    <Filter Include="Source Files">
      <UniqueIdentifier>{4FC737F1-C7A5-4376-A066-2A32D752A2FF}</UniqueIdentifier>
      <Extensions>cpp;c;cc;cxx;c++;cppm;ixx;def;odl;idl;hpj;bat;asm;asmx</Extensions>
    </Filter>
    <Filter Include="Header Files">
      <UniqueIdentifier>{93995380-89BD-4b04-88EB-625FBE52EBFB}</UniqueIdentifier>
      <Extensions>h;hh;hpp;hxx;h++;hm;inl;inc;ipp;xsd</Extensions>
    </Filter>
    <Filter Include="Resource Files">
      <UniqueIdentifier>{67DA6AB6-F800-4c08-8B7A-83BB121AAD01}</UniqueIdentifier>
      <Extensions>rc;ico;cur;bmp;dlg;rc2;rct;bin;rgs;gif;jpg;jpeg;jpe;resx;tiff;tif;png;wav;mfcribbon-ms</Extensions>
    </Filter>
  </ItemGroup>
  <ItemGroup>
    <ClCompile Include="RedForgeEditor.cpp">
      <Filter>Source Files</Filter>
    </ClCompile>
    <ClCompile Include="ViewportCamera.cpp">
      <Filter>Source Files</Filter>
    </ClCompile>
    <ClCompile Include="VulkanViewport.cpp">
      <Filter>Source Files</Filter>
    </ClCompile>
    <ClCompile Include="MainEditorWindow.cpp">
      <Filter>Source Files</Filter>
    </ClCompile>
    <ClCompile Include="GTKInputLayer.cpp">
      <Filter>Source Files</Filter>
    </ClCompile>
    <ClCompile Include="HierarchyPanel.cpp">
      <Filter>Source Files</Filter>
    </ClCompile>
    <ClCompile Include="InspectorPanel.cpp">
      <Filter>Source Files</Filter>
    </ClCompile>
    <ClCompile Include="ComponentEntry.cpp">
      <Filter>Source Files</Filter>
    </ClCompile>
    <ClCompile Include="ComponentVariableEntry.cpp">
      <Filter>Source Files</Filter>
    </ClCompile>
    <ClCompile Include="ComponentVariableEntry_Vector3.cpp">
      <Filter>Source Files</Filter>
    </ClCompile>
    <ClCompile Include="NumberField.cpp">
      <Filter>Source Files</Filter>
    </ClCompile>
    <ClCompile Include="ComponentVariableEntry_QuaternionEuler.cpp">
      <Filter>Source Files</Filter>
    </ClCompile>
    <ClCompile Include="ComponentVariableEntry_Float.cpp">
      <Filter>Source Files</Filter>
    </ClCompile>
    <ClCompile Include="ComponentVariableEntry_Vector2.cpp">
      <Filter>Source Files</Filter>
    </ClCompile>
    <ClCompile Include="ComponentVariableEntry_Material.cpp">
      <Filter>Source Files</Filter>
    </ClCompile>
    <ClCompile Include="ComponentVariableEntry_Mesh.cpp">
      <Filter>Source Files</Filter>
    </ClCompile>
    <ClCompile Include="SearchFieldPopup.cpp">
      <Filter>Source Files</Filter>
    </ClCompile>
    <ClCompile Include="EditorPanel.cpp">
      <Filter>Source Files</Filter>
    </ClCompile>
    <ClCompile Include="EditorToolbar.cpp">
      <Filter>Source Files</Filter>
    </ClCompile>
    <ClCompile Include="ConsolePanel.cpp">
      <Filter>Source Files</Filter>
    </ClCompile>
  </ItemGroup>
  <ItemGroup>
    <ClInclude Include="ViewportCamera.h">
      <Filter>Header Files</Filter>
    </ClInclude>
    <ClInclude Include="VulkanViewport.h">
      <Filter>Header Files</Filter>
    </ClInclude>
    <ClInclude Include="MainEditorWindow.h">
      <Filter>Header Files</Filter>
    </ClInclude>
    <ClInclude Include="GTKInputLayer.h">
      <Filter>Header Files</Filter>
    </ClInclude>
    <ClInclude Include="resource.h">
      <Filter>Header Files</Filter>
    </ClInclude>
    <ClInclude Include="HierarchyPanel.h">
      <Filter>Header Files</Filter>
    </ClInclude>
    <ClInclude Include="InspectorPanel.h">
      <Filter>Header Files</Filter>
    </ClInclude>
    <ClInclude Include="ComponentEntry.h">
      <Filter>Header Files</Filter>
    </ClInclude>
    <ClInclude Include="ComponentVariableEntry.h">
      <Filter>Header Files</Filter>
    </ClInclude>
    <ClInclude Include="ComponentVariableEntry_Vector3.h">
      <Filter>Header Files</Filter>
    </ClInclude>
    <ClInclude Include="NumberField.h">
      <Filter>Header Files</Filter>
    </ClInclude>
    <ClInclude Include="ComponentVariableEntry_QuaternionEuler.h">
      <Filter>Header Files</Filter>
    </ClInclude>
    <ClInclude Include="ComponentVariableEntry_Float.h">
      <Filter>Header Files</Filter>
    </ClInclude>
    <ClInclude Include="ComponentVariableEntry_Vector2.h">
      <Filter>Header Files</Filter>
    </ClInclude>
    <ClInclude Include="ComponentVariableEntry_Material.h">
      <Filter>Header Files</Filter>
    </ClInclude>
    <ClInclude Include="ComponentVariableEntry_Mesh.h">
      <Filter>Header Files</Filter>
    </ClInclude>
    <ClInclude Include="SearchFieldPopup.h">
      <Filter>Header Files</Filter>
    </ClInclude>
    <ClInclude Include="EditorPanel.h">
      <Filter>Header Files</Filter>
    </ClInclude>
    <ClInclude Include="EditorToolbar.h">
      <Filter>Header Files</Filter>
    </ClInclude>
    <ClInclude Include="ConsolePanel.h">
      <Filter>Header Files</Filter>
    </ClInclude>
  </ItemGroup>
  <ItemGroup>
    <ResourceCompile Include="RedForgeEditor.rc">
      <Filter>Resource Files</Filter>
    </ResourceCompile>
  </ItemGroup>
  <ItemGroup>
    <Image Include="icon.ico">
      <Filter>Resource Files</Filter>
    </Image>
  </ItemGroup>
</Project>